
Microsoft Visual Studio Solution File, Format Version 12.00
# Visual Studio Version 17
VisualStudioVersion = 17.8.34408.163
MinimumVisualStudioVersion = 10.0.40219.1
Project("{FAE04EC0-301F-11D3-BF4B-00C04F79EFBC}") = "ConsoleApp14", "ConsoleApp14\ConsoleApp14.csproj", "{1C056E3A-9AE8-4DD4-BC11-250C8F89804C}"
EndProject
Global
	GlobalSection(SolutionConfigurationPlatforms) = preSolution
		Debug|Any CPU = Debug|Any CPU
		Release|Any CPU = Release|Any CPU
	EndGlobalSection
	GlobalSection(ProjectConfigurationPlatforms) = postSolution
		{1C056E3A-9AE8-4DD4-BC11-250C8F89804C}.Debug|Any CPU.ActiveCfg = Debug|Any CPU
		{1C056E3A-9AE8-4DD4-BC11-250C8F89804C}.Debug|Any CPU.Build.0 = Debug|Any CPU
		{1C056E3A-9AE8-4DD4-BC11-250C8F89804C}.Release|Any CPU.ActiveCfg = Release|Any CPU
		{1C056E3A-9AE8-4DD4-BC11-250C8F89804C}.Release|Any CPU.Build.0 = Release|Any CPU
	EndGlobalSection
	GlobalSection(SolutionProperties) = preSolution
		HideSolutionNode = FALSE
	EndGlobalSection
	GlobalSection(ExtensibilityGlobals) = postSolution
		SolutionGuid = {CC64BE85-1552-4FE8-B121-91BE0D80D133}
	EndGlobalSection
EndGlobal
